<?xml version="1.0" encoding="utf-8"?>
<Project ToolsVersion="4.0" xmlns="http://schemas.microsoft.com/developer/msbuild/2003">
  <ItemGroup>
    <Filter Include="ソース ファイル">
      <UniqueIdentifier>{4FC737F1-C7A5-4376-A066-2A32D752A2FF}</UniqueIdentifier>
      <Extensions>cpp;c;cc;cxx;c++;cppm;ixx;def;odl;idl;hpj;bat;asm;asmx</Extensions>
    </Filter>
    <Filter Include="ヘッダー ファイル">
      <UniqueIdentifier>{93995380-89BD-4b04-88EB-625FBE52EBFB}</UniqueIdentifier>
      <Extensions>h;hh;hpp;hxx;h++;hm;inl;inc;ipp;xsd</Extensions>
    </Filter>
    <Filter Include="リソース ファイル">
      <UniqueIdentifier>{67DA6AB6-F800-4c08-8B7A-83BB121AAD01}</UniqueIdentifier>
      <Extensions>rc;ico;cur;bmp;dlg;rc2;rct;bin;rgs;gif;jpg;jpeg;jpe;resx;tiff;tif;png;wav;mfcribbon-ms</Extensions>
    </Filter>
    <Filter Include="Library">
      <UniqueIdentifier>{9f053501-39e6-4490-af7a-5cf41cd69f7e}</UniqueIdentifier>
    </Filter>
    <Filter Include="Library\DxLibHelper">
      <UniqueIdentifier>{a1cdf6e4-6a38-4abe-adf6-6fb60ae3e22e}</UniqueIdentifier>
    </Filter>
    <Filter Include="Library\DirectXTK">
      <UniqueIdentifier>{ff46d903-4c8d-4d79-ae81-35c023f00f12}</UniqueIdentifier>
    </Filter>
    <Filter Include="Library\DirectXTK\Source">
      <UniqueIdentifier>{75ade27e-a663-4bf9-b4b8-e10540e3c03d}</UniqueIdentifier>
    </Filter>
  </ItemGroup>
  <ItemGroup>
    <ClCompile Include="SourceCode\main.cpp">
      <Filter>ソース ファイル</Filter>
    </ClCompile>
    <ClCompile Include="SourceCode\game.cpp">
      <Filter>ソース ファイル</Filter>
    </ClCompile>
    <ClCompile Include="SourceCode\player.cpp">
      <Filter>ソース ファイル</Filter>
    </ClCompile>
    <ClCompile Include="..\..\Library\DirectXTK\Source\pch.cpp">
      <Filter>Library\DirectXTK\Source</Filter>
    </ClCompile>
    <ClCompile Include="..\..\Library\DirectXTK\Source\SimpleMath.cpp">
      <Filter>Library\DirectXTK\Source</Filter>
    </ClCompile>
  </ItemGroup>
  <ItemGroup>
    <ClInclude Include="SourceCode\game.h">
      <Filter>ヘッダー ファイル</Filter>
    </ClInclude>
    <ClInclude Include="SourceCode\player.h">
      <Filter>ヘッダー ファイル</Filter>
    </ClInclude>
    <ClInclude Include="..\..\Library\DxLibHelper\json_loader.hpp">
      <Filter>Library\DxLibHelper</Filter>
    </ClInclude>
    <ClInclude Include="..\..\Library\DxLibHelper\math.hpp">
      <Filter>Library\DxLibHelper</Filter>
    </ClInclude>
    <ClInclude Include="..\..\Library\DirectXTK\Source\pch.h">
      <Filter>Library\DirectXTK\Source</Filter>
    </ClInclude>
    <ClInclude Include="SourceCode\window.h">
      <Filter>ヘッダー ファイル</Filter>
    </ClInclude>
  </ItemGroup>
</Project>